
Microsoft Visual Studio Solution File, Format Version 12.00
# Visual Studio Version 17
VisualStudioVersion = 17.14.36811.4 d17.14
MinimumVisualStudioVersion = 10.0.40219.1
Project("{888888A0-9F3D-457C-B088-3A5042F75D52}") = "2DRPG", "2DRPG.pyproj", "{F2B5C8F8-AF3D-4620-BE99-DEBACFE141BB}"
EndProject
Global
	GlobalSection(SolutionConfigurationPlatforms) = preSolution
		Debug|Any CPU = Debug|Any CPU
		Release|Any CPU = Release|Any CPU
	EndGlobalSection
	GlobalSection(ProjectConfigurationPlatforms) = postSolution
		{F2B5C8F8-AF3D-4620-BE99-DEBACFE141BB}.Debug|Any CPU.ActiveCfg = Debug|Any CPU
		{F2B5C8F8-AF3D-4620-BE99-DEBACFE141BB}.Release|Any CPU.ActiveCfg = Release|Any CPU
	EndGlobalSection
	GlobalSection(SolutionProperties) = preSolution
		HideSolutionNode = FALSE
	EndGlobalSection
	GlobalSection(ExtensibilityGlobals) = postSolution
		SolutionGuid = {0E84D0F8-E434-453C-8101-165D754374A3}
	EndGlobalSection
EndGlobal
